
Microsoft Visual Studio Solution File, Format Version 12.00
# Visual Studio 15
VisualStudioVersion = 15.0.27703.2042
MinimumVisualStudioVersion = 10.0.40219.1
Project("{FAE04EC0-301F-11D3-BF4B-00C04F79EFBC}") = "Events.Web", "Events.Web\Events.Web.csproj", "{69B71520-787A-46FD-9F49-8FE06AD0DEBB}"
EndProject
Project("{FAE04EC0-301F-11D3-BF4B-00C04F79EFBC}") = "Events.Data", "Events.Data\Events.Data.csproj", "{8D502EE5-E75E-4967-AADC-3EDE686BAB72}"
EndProject
Global
	GlobalSection(SolutionConfigurationPlatforms) = preSolution
		Debug|Any CPU = Debug|Any CPU
		Release|Any CPU = Release|Any CPU
	EndGlobalSection
	GlobalSection(ProjectConfigurationPlatforms) = postSolution
		{69B71520-787A-46FD-9F49-8FE06AD0DEBB}.Debug|Any CPU.ActiveCfg = Debug|Any CPU
		{69B71520-787A-46FD-9F49-8FE06AD0DEBB}.Debug|Any CPU.Build.0 = Debug|Any CPU
		{69B71520-787A-46FD-9F49-8FE06AD0DEBB}.Release|Any CPU.ActiveCfg = Release|Any CPU
		{69B71520-787A-46FD-9F49-8FE06AD0DEBB}.Release|Any CPU.Build.0 = Release|Any CPU
		{8D502EE5-E75E-4967-AADC-3EDE686BAB72}.Debug|Any CPU.ActiveCfg = Debug|Any CPU
		{8D502EE5-E75E-4967-AADC-3EDE686BAB72}.Debug|Any CPU.Build.0 = Debug|Any CPU
		{8D502EE5-E75E-4967-AADC-3EDE686BAB72}.Release|Any CPU.ActiveCfg = Release|Any CPU
		{8D502EE5-E75E-4967-AADC-3EDE686BAB72}.Release|Any CPU.Build.0 = Release|Any CPU
	EndGlobalSection
	GlobalSection(SolutionProperties) = preSolution
		HideSolutionNode = FALSE
	EndGlobalSection
	GlobalSection(ExtensibilityGlobals) = postSolution
		SolutionGuid = {1789036C-E70E-4C4E-A298-F30DB26449B9}
	EndGlobalSection
EndGlobal
